
Microsoft Visual Studio Solution File, Format Version 12.00
# Visual Studio Version 16
VisualStudioVersion = 16.0.30104.148
MinimumVisualStudioVersion = 10.0.40219.1
Project("{FAE04EC0-301F-11D3-BF4B-00C04F79EFBC}") = "DSA-C-Sharp", "DSA-C-Sharp\DSA-C-Sharp.csproj", "{762748CD-2EF5-46F7-911E-A484CCEC9BE4}"
EndProject
Project("{FAE04EC0-301F-11D3-BF4B-00C04F79EFBC}") = "DSA.Tests", "DSA.Tests\DSA.Tests.csproj", "{E0F4CD81-BA1D-407B-A9E7-DD33F401688A}"
EndProject
Global
	GlobalSection(SolutionConfigurationPlatforms) = preSolution
		Debug|Any CPU = Debug|Any CPU
		Release|Any CPU = Release|Any CPU
	EndGlobalSection
	GlobalSection(ProjectConfigurationPlatforms) = postSolution
		{762748CD-2EF5-46F7-911E-A484CCEC9BE4}.Debug|Any CPU.ActiveCfg = Debug|Any CPU
		{762748CD-2EF5-46F7-911E-A484CCEC9BE4}.Debug|Any CPU.Build.0 = Debug|Any CPU
		{762748CD-2EF5-46F7-911E-A484CCEC9BE4}.Release|Any CPU.ActiveCfg = Release|Any CPU
		{762748CD-2EF5-46F7-911E-A484CCEC9BE4}.Release|Any CPU.Build.0 = Release|Any CPU
		{E0F4CD81-BA1D-407B-A9E7-DD33F401688A}.Debug|Any CPU.ActiveCfg = Debug|Any CPU
		{E0F4CD81-BA1D-407B-A9E7-DD33F401688A}.Debug|Any CPU.Build.0 = Debug|Any CPU
		{E0F4CD81-BA1D-407B-A9E7-DD33F401688A}.Release|Any CPU.ActiveCfg = Release|Any CPU
		{E0F4CD81-BA1D-407B-A9E7-DD33F401688A}.Release|Any CPU.Build.0 = Release|Any CPU
	EndGlobalSection
	GlobalSection(SolutionProperties) = preSolution
		HideSolutionNode = FALSE
	EndGlobalSection
	GlobalSection(ExtensibilityGlobals) = postSolution
		SolutionGuid = {40E5B8E5-3EC3-4982-8AE1-D620D09F215F}
	EndGlobalSection
EndGlobal
